PODS:
  - Flutter (1.0.0)
  - wxvoice (0.0.1):
    - Flutter

DEPENDENCIES:
  - Flutter (from `.symlinks/flutter/ios`)
  - wxvoice (from `.symlinks/plugins/wxvoice/ios`)

EXTERNAL SOURCES:
  Flutter:
    :path: ".symlinks/flutter/ios"
  wxvoice:
    :path: ".symlinks/plugins/wxvoice/ios"

SPEC CHECKSUMS:
  Flutter: 58dd7d1b27887414a370fcccb9e645c08ffd7a6a
  wxvoice: e9b4ad6c7a77040a6449f4af1515bacd07845995

PODFILE CHECKSUM: 7fb83752f59ead6285236625b82473f90b1cb932

COCOAPODS: 1.7.1
